
Microsoft Visual Studio Solution File, Format Version 12.00
# Visual Studio 15
VisualStudioVersion = 15.0.26730.10
MinimumVisualStudioVersion = 10.0.40219.1
Project("{FAE04EC0-301F-11D3-BF4B-00C04F79EFBC}") = "PpePlanningXamarin.Android", "PpePlanningXamarin\PpePlanningXamarin.Android\PpePlanningXamarin.Android.csproj", "{74C74B7E-5057-4303-9C0A-440D6F9D6237}"
EndProject
Project("{FAE04EC0-301F-11D3-BF4B-00C04F79EFBC}") = "PpePlanningXamarin", "PpePlanningXamarin\PpePlanningXamarin\PpePlanningXamarin.csproj", "{F9599D91-4B1A-49C0-8712-0D8B1275B866}"
EndProject
Project("{FAE04EC0-301F-11D3-BF4B-00C04F79EFBC}") = "PpePlanningXamarin.UWP", "PpePlanningXamarin\PpePlanningXamarin.UWP\PpePlanningXamarin.UWP.csproj", "{9275C97F-D6B5-441B-9BB2-1156275525EB}"
EndProject
Project("{FAE04EC0-301F-11D3-BF4B-00C04F79EFBC}") = "PpePlanningXamarin.iOS", "PpePlanningXamarin\PpePlanningXamarin.iOS\PpePlanningXamarin.iOS.csproj", "{75106A0A-CD1F-46A0-9BA3-7642A3E4A683}"
EndProject
Global
	GlobalSection(SolutionConfigurationPlatforms) = preSolution
		Ad-Hoc|Any CPU = Ad-Hoc|Any CPU
		Ad-Hoc|ARM = Ad-Hoc|ARM
		Ad-Hoc|iPhone = Ad-Hoc|iPhone
		Ad-Hoc|iPhoneSimulator = Ad-Hoc|iPhoneSimulator
		Ad-Hoc|x64 = Ad-Hoc|x64
		Ad-Hoc|x86 = Ad-Hoc|x86
		AppStore|Any CPU = AppStore|Any CPU
		AppStore|ARM = AppStore|ARM
		AppStore|iPhone = AppStore|iPhone
		AppStore|iPhoneSimulator = AppStore|iPhoneSimulator
		AppStore|x64 = AppStore|x64
		AppStore|x86 = AppStore|x86
		Debug|Any CPU = Debug|Any CPU
		Debug|ARM = Debug|ARM
		Debug|iPhone = Debug|iPhone
		Debug|iPhoneSimulator = Debug|iPhoneSimulator
		Debug|x64 = Debug|x64
		Debug|x86 = Debug|x86
		Release|Any CPU = Release|Any CPU
		Release|ARM = Release|ARM
		Release|iPhone = Release|iPhone
		Release|iPhoneSimulator = Release|iPhoneSimulator
		Release|x64 = Release|x64
		Release|x86 = Release|x86
	EndGlobalSection
	GlobalSection(ProjectConfigurationPlatforms) = postSolution
		{74C74B7E-5057-4303-9C0A-440D6F9D6237}.Ad-Hoc|Any CPU.ActiveCfg = Release|Any CPU
		{74C74B7E-5057-4303-9C0A-440D6F9D6237}.Ad-Hoc|Any CPU.Build.0 = Release|Any CPU
		{74C74B7E-5057-4303-9C0A-440D6F9D6237}.Ad-Hoc|Any CPU.Deploy.0 = Release|Any CPU
		{74C74B7E-5057-4303-9C0A-440D6F9D6237}.Ad-Hoc|ARM.ActiveCfg = Release|Any CPU
		{74C74B7E-5057-4303-9C0A-440D6F9D6237}.Ad-Hoc|ARM.Build.0 = Release|Any CPU
		{74C74B7E-5057-4303-9C0A-440D6F9D6237}.Ad-Hoc|ARM.Deploy.0 = Release|Any CPU
		{74C74B7E-5057-4303-9C0A-440D6F9D6237}.Ad-Hoc|iPhone.ActiveCfg = Release|Any CPU
		{74C74B7E-5057-4303-9C0A-440D6F9D6237}.Ad-Hoc|iPhone.Build.0 = Release|Any CPU
		{74C74B7E-5057-4303-9C0A-440D6F9D6237}.Ad-Hoc|iPhone.Deploy.0 = Release|Any CPU
		{74C74B7E-5057-4303-9C0A-440D6F9D6237}.Ad-Hoc|iPhoneSimulator.ActiveCfg = Release|Any CPU
		{74C74B7E-5057-4303-9C0A-440D6F9D6237}.Ad-Hoc|iPhoneSimulator.Build.0 = Release|Any CPU
		{74C74B7E-5057-4303-9C0A-440D6F9D6237}.Ad-Hoc|iPhoneSimulator.Deploy.0 = Release|Any CPU
		{74C74B7E-5057-4303-9C0A-440D6F9D6237}.Ad-Hoc|x64.ActiveCfg = Release|Any CPU
		{74C74B7E-5057-4303-9C0A-440D6F9D6237}.Ad-Hoc|x64.Build.0 = Release|Any CPU
		{74C74B7E-5057-4303-9C0A-440D6F9D6237}.Ad-Hoc|x64.Deploy.0 = Release|Any CPU
		{74C74B7E-5057-4303-9C0A-440D6F9D6237}.Ad-Hoc|x86.ActiveCfg = Release|Any CPU
		{74C74B7E-5057-4303-9C0A-440D6F9D6237}.Ad-Hoc|x86.Build.0 = Release|Any CPU
		{74C74B7E-5057-4303-9C0A-440D6F9D6237}.Ad-Hoc|x86.Deploy.0 = Release|Any CPU
		{74C74B7E-5057-4303-9C0A-440D6F9D6237}.AppStore|Any CPU.ActiveCfg = Release|Any CPU
		{74C74B7E-5057-4303-9C0A-440D6F9D6237}.AppStore|Any CPU.Build.0 = Release|Any CPU
		{74C74B7E-5057-4303-9C0A-440D6F9D6237}.AppStore|Any CPU.Deploy.0 = Release|Any CPU
		{74C74B7E-5057-4303-9C0A-440D6F9D6237}.AppStore|ARM.ActiveCfg = Release|Any CPU
		{74C74B7E-5057-4303-9C0A-440D6F9D6237}.AppStore|ARM.Build.0 = Release|Any CPU
		{74C74B7E-5057-4303-9C0A-440D6F9D6237}.AppStore|ARM.Deploy.0 = Release|Any CPU
		{74C74B7E-5057-4303-9C0A-440D6F9D6237}.AppStore|iPhone.ActiveCfg = Release|Any CPU
		{74C74B7E-5057-4303-9C0A-440D6F9D6237}.AppStore|iPhone.Build.0 = Release|Any CPU
		{74C74B7E-5057-4303-9C0A-440D6F9D6237}.AppStore|iPhone.Deploy.0 = Release|Any CPU
		{74C74B7E-5057-4303-9C0A-440D6F9D6237}.AppStore|iPhoneSimulator.ActiveCfg = Release|Any CPU
		{74C74B7E-5057-4303-9C0A-440D6F9D6237}.AppStore|iPhoneSimulator.Build.0 = Release|Any CPU
		{74C74B7E-5057-4303-9C0A-440D6F9D6237}.AppStore|iPhoneSimulator.Deploy.0 = Release|Any CPU
		{74C74B7E-5057-4303-9C0A-440D6F9D6237}.AppStore|x64.ActiveCfg = Release|Any CPU
		{74C74B7E-5057-4303-9C0A-440D6F9D6237}.AppStore|x64.Build.0 = Release|Any CPU
		{74C74B7E-5057-4303-9C0A-440D6F9D6237}.AppStore|x64.Deploy.0 = Release|Any CPU
		{74C74B7E-5057-4303-9C0A-440D6F9D6237}.AppStore|x86.ActiveCfg = Release|Any CPU
		{74C74B7E-5057-4303-9C0A-440D6F9D6237}.AppStore|x86.Build.0 = Release|Any CPU
		{74C74B7E-5057-4303-9C0A-440D6F9D6237}.AppStore|x86.Deploy.0 = Release|Any CPU
		{74C74B7E-5057-4303-9C0A-440D6F9D6237}.Debug|Any CPU.ActiveCfg = Debug|Any CPU
		{74C74B7E-5057-4303-9C0A-440D6F9D6237}.Debug|Any CPU.Build.0 = Debug|Any CPU
		{74C74B7E-5057-4303-9C0A-440D6F9D6237}.Debug|Any CPU.Deploy.0 = Debug|Any CPU
		{74C74B7E-5057-4303-9C0A-440D6F9D6237}.Debug|ARM.ActiveCfg = Debug|Any CPU
		{74C74B7E-5057-4303-9C0A-440D6F9D6237}.Debug|ARM.Build.0 = Debug|Any CPU
		{74C74B7E-5057-4303-9C0A-440D6F9D6237}.Debug|ARM.Deploy.0 = Debug|Any CPU
		{74C74B7E-5057-4303-9C0A-440D6F9D6237}.Debug|iPhone.ActiveCfg = Debug|Any CPU
		{74C74B7E-5057-4303-9C0A-440D6F9D6237}.Debug|iPhone.Build.0 = Debug|Any CPU
		{74C74B7E-5057-4303-9C0A-440D6F9D6237}.Debug|iPhone.Deploy.0 = Debug|Any CPU
		{74C74B7E-5057-4303-9C0A-440D6F9D6237}.Debug|iPhoneSimulator.ActiveCfg = Debug|Any CPU
		{74C74B7E-5057-4303-9C0A-440D6F9D6237}.Debug|iPhoneSimulator.Build.0 = Debug|Any CPU
		{74C74B7E-5057-4303-9C0A-440D6F9D6237}.Debug|iPhoneSimulator.Deploy.0 = Debug|Any CPU
		{74C74B7E-5057-4303-9C0A-440D6F9D6237}.Debug|x64.ActiveCfg = Debug|Any CPU
		{74C74B7E-5057-4303-9C0A-440D6F9D6237}.Debug|x64.Build.0 = Debug|Any CPU
		{74C74B7E-5057-4303-9C0A-440D6F9D6237}.Debug|x64.Deploy.0 = Debug|Any CPU
		{74C74B7E-5057-4303-9C0A-440D6F9D6237}.Debug|x86.ActiveCfg = Debug|Any CPU
		{74C74B7E-5057-4303-9C0A-440D6F9D6237}.Debug|x86.Build.0 = Debug|Any CPU
		{74C74B7E-5057-4303-9C0A-440D6F9D6237}.Debug|x86.Deploy.0 = Debug|Any CPU
		{74C74B7E-5057-4303-9C0A-440D6F9D6237}.Release|Any CPU.ActiveCfg = Release|Any CPU
		{74C74B7E-5057-4303-9C0A-440D6F9D6237}.Release|Any CPU.Build.0 = Release|Any CPU
		{74C74B7E-5057-4303-9C0A-440D6F9D6237}.Release|Any CPU.Deploy.0 = Release|Any CPU
		{74C74B7E-5057-4303-9C0A-440D6F9D6237}.Release|ARM.ActiveCfg = Release|Any CPU
		{74C74B7E-5057-4303-9C0A-440D6F9D6237}.Release|ARM.Build.0 = Release|Any CPU
		{74C74B7E-5057-4303-9C0A-440D6F9D6237}.Release|ARM.Deploy.0 = Release|Any CPU
		{74C74B7E-5057-4303-9C0A-440D6F9D6237}.Release|iPhone.ActiveCfg = Release|Any CPU
		{74C74B7E-5057-4303-9C0A-440D6F9D6237}.Release|iPhone.Build.0 = Release|Any CPU
		{74C74B7E-5057-4303-9C0A-440D6F9D6237}.Release|iPhone.Deploy.0 = Release|Any CPU
		{74C74B7E-5057-4303-9C0A-440D6F9D6237}.Release|iPhoneSimulator.ActiveCfg = Release|Any CPU
		{74C74B7E-5057-4303-9C0A-440D6F9D6237}.Release|iPhoneSimulator.Build.0 = Release|Any CPU
		{74C74B7E-5057-4303-9C0A-440D6F9D6237}.Release|iPhoneSimulator.Deploy.0 = Release|Any CPU
		{74C74B7E-5057-4303-9C0A-440D6F9D6237}.Release|x64.ActiveCfg = Release|Any CPU
		{74C74B7E-5057-4303-9C0A-440D6F9D6237}.Release|x64.Build.0 = Release|Any CPU
		{74C74B7E-5057-4303-9C0A-440D6F9D6237}.Release|x64.Deploy.0 = Release|Any CPU
		{74C74B7E-5057-4303-9C0A-440D6F9D6237}.Release|x86.ActiveCfg = Release|Any CPU
		{74C74B7E-5057-4303-9C0A-440D6F9D6237}.Release|x86.Build.0 = Release|Any CPU
		{74C74B7E-5057-4303-9C0A-440D6F9D6237}.Release|x86.Deploy.0 = Release|Any CPU
		{F9599D91-4B1A-49C0-8712-0D8B1275B866}.Ad-Hoc|Any CPU.ActiveCfg = Release|Any CPU
		{F9599D91-4B1A-49C0-8712-0D8B1275B866}.Ad-Hoc|Any CPU.Build.0 = Release|Any CPU
		{F9599D91-4B1A-49C0-8712-0D8B1275B866}.Ad-Hoc|ARM.ActiveCfg = Release|Any CPU
		{F9599D91-4B1A-49C0-8712-0D8B1275B866}.Ad-Hoc|ARM.Build.0 = Release|Any CPU
		{F9599D91-4B1A-49C0-8712-0D8B1275B866}.Ad-Hoc|iPhone.ActiveCfg = Release|Any CPU
		{F9599D91-4B1A-49C0-8712-0D8B1275B866}.Ad-Hoc|iPhone.Build.0 = Release|Any CPU
		{F9599D91-4B1A-49C0-8712-0D8B1275B866}.Ad-Hoc|iPhoneSimulator.ActiveCfg = Release|Any CPU
		{F9599D91-4B1A-49C0-8712-0D8B1275B866}.Ad-Hoc|iPhoneSimulator.Build.0 = Release|Any CPU
		{F9599D91-4B1A-49C0-8712-0D8B1275B866}.Ad-Hoc|x64.ActiveCfg = Release|Any CPU
		{F9599D91-4B1A-49C0-8712-0D8B1275B866}.Ad-Hoc|x64.Build.0 = Release|Any CPU
		{F9599D91-4B1A-49C0-8712-0D8B1275B866}.Ad-Hoc|x86.ActiveCfg = Release|Any CPU
		{F9599D91-4B1A-49C0-8712-0D8B1275B866}.Ad-Hoc|x86.Build.0 = Release|Any CPU
		{F9599D91-4B1A-49C0-8712-0D8B1275B866}.AppStore|Any CPU.ActiveCfg = Release|Any CPU
		{F9599D91-4B1A-49C0-8712-0D8B1275B866}.AppStore|Any CPU.Build.0 = Release|Any CPU
		{F9599D91-4B1A-49C0-8712-0D8B1275B866}.AppStore|ARM.ActiveCfg = Release|Any CPU
		{F9599D91-4B1A-49C0-8712-0D8B1275B866}.AppStore|ARM.Build.0 = Release|Any CPU
		{F9599D91-4B1A-49C0-8712-0D8B1275B866}.AppStore|iPhone.ActiveCfg = Release|Any CPU
		{F9599D91-4B1A-49C0-8712-0D8B1275B866}.AppStore|iPhone.Build.0 = Release|Any CPU
		{F9599D91-4B1A-49C0-8712-0D8B1275B866}.AppStore|iPhoneSimulator.ActiveCfg = Release|Any CPU
		{F9599D91-4B1A-49C0-8712-0D8B1275B866}.AppStore|iPhoneSimulator.Build.0 = Release|Any CPU
		{F9599D91-4B1A-49C0-8712-0D8B1275B866}.AppStore|x64.ActiveCfg = Release|Any CPU
		{F9599D91-4B1A-49C0-8712-0D8B1275B866}.AppStore|x64.Build.0 = Release|Any CPU
		{F9599D91-4B1A-49C0-8712-0D8B1275B866}.AppStore|x86.ActiveCfg = Release|Any CPU
		{F9599D91-4B1A-49C0-8712-0D8B1275B866}.AppStore|x86.Build.0 = Release|Any CPU
		{F9599D91-4B1A-49C0-8712-0D8B1275B866}.Debug|Any CPU.ActiveCfg = Debug|Any CPU
		{F9599D91-4B1A-49C0-8712-0D8B1275B866}.Debug|Any CPU.Build.0 = Debug|Any CPU
		{F9599D91-4B1A-49C0-8712-0D8B1275B866}.Debug|ARM.ActiveCfg = Debug|Any CPU
		{F9599D91-4B1A-49C0-8712-0D8B1275B866}.Debug|ARM.Build.0 = Debug|Any CPU
		{F9599D91-4B1A-49C0-8712-0D8B1275B866}.Debug|iPhone.ActiveCfg = Debug|Any CPU
		{F9599D91-4B1A-49C0-8712-0D8B1275B866}.Debug|iPhone.Build.0 = Debug|Any CPU
		{F9599D91-4B1A-49C0-8712-0D8B1275B866}.Debug|iPhoneSimulator.ActiveCfg = Debug|Any CPU
		{F9599D91-4B1A-49C0-8712-0D8B1275B866}.Debug|iPhoneSimulator.Build.0 = Debug|Any CPU
		{F9599D91-4B1A-49C0-8712-0D8B1275B866}.Debug|x64.ActiveCfg = Debug|Any CPU
		{F9599D91-4B1A-49C0-8712-0D8B1275B866}.Debug|x64.Build.0 = Debug|Any CPU
		{F9599D91-4B1A-49C0-8712-0D8B1275B866}.Debug|x86.ActiveCfg = Debug|Any CPU
		{F9599D91-4B1A-49C0-8712-0D8B1275B866}.Debug|x86.Build.0 = Debug|Any CPU
		{F9599D91-4B1A-49C0-8712-0D8B1275B866}.Release|Any CPU.ActiveCfg = Release|Any CPU
		{F9599D91-4B1A-49C0-8712-0D8B1275B866}.Release|Any CPU.Build.0 = Release|Any CPU
		{F9599D91-4B1A-49C0-8712-0D8B1275B866}.Release|ARM.ActiveCfg = Release|Any CPU
		{F9599D91-4B1A-49C0-8712-0D8B1275B866}.Release|ARM.Build.0 = Release|Any CPU
		{F9599D91-4B1A-49C0-8712-0D8B1275B866}.Release|iPhone.ActiveCfg = Release|Any CPU
		{F9599D91-4B1A-49C0-8712-0D8B1275B866}.Release|iPhone.Build.0 = Release|Any CPU
		{F9599D91-4B1A-49C0-8712-0D8B1275B866}.Release|iPhoneSimulator.ActiveCfg = Release|Any CPU
		{F9599D91-4B1A-49C0-8712-0D8B1275B866}.Release|iPhoneSimulator.Build.0 = Release|Any CPU
		{F9599D91-4B1A-49C0-8712-0D8B1275B866}.Release|x64.ActiveCfg = Release|Any CPU
		{F9599D91-4B1A-49C0-8712-0D8B1275B866}.Release|x64.Build.0 = Release|Any CPU
		{F9599D91-4B1A-49C0-8712-0D8B1275B866}.Release|x86.ActiveCfg = Release|Any CPU
		{F9599D91-4B1A-49C0-8712-0D8B1275B866}.Release|x86.Build.0 = Release|Any CPU
		{9275C97F-D6B5-441B-9BB2-1156275525EB}.Ad-Hoc|Any CPU.ActiveCfg = Release|x86
		{9275C97F-D6B5-441B-9BB2-1156275525EB}.Ad-Hoc|Any CPU.Build.0 = Release|x86
		{9275C97F-D6B5-441B-9BB2-1156275525EB}.Ad-Hoc|Any CPU.Deploy.0 = Release|x86
		{9275C97F-D6B5-441B-9BB2-1156275525EB}.Ad-Hoc|ARM.ActiveCfg = Release|ARM
		{9275C97F-D6B5-441B-9BB2-1156275525EB}.Ad-Hoc|ARM.Build.0 = Release|ARM
		{9275C97F-D6B5-441B-9BB2-1156275525EB}.Ad-Hoc|ARM.Deploy.0 = Release|ARM
		{9275C97F-D6B5-441B-9BB2-1156275525EB}.Ad-Hoc|iPhone.ActiveCfg = Release|x86
		{9275C97F-D6B5-441B-9BB2-1156275525EB}.Ad-Hoc|iPhone.Build.0 = Release|x86
		{9275C97F-D6B5-441B-9BB2-1156275525EB}.Ad-Hoc|iPhone.Deploy.0 = Release|x86
		{9275C97F-D6B5-441B-9BB2-1156275525EB}.Ad-Hoc|iPhoneSimulator.ActiveCfg = Release|x86
		{9275C97F-D6B5-441B-9BB2-1156275525EB}.Ad-Hoc|iPhoneSimulator.Build.0 = Release|x86
		{9275C97F-D6B5-441B-9BB2-1156275525EB}.Ad-Hoc|iPhoneSimulator.Deploy.0 = Release|x86
		{9275C97F-D6B5-441B-9BB2-1156275525EB}.Ad-Hoc|x64.ActiveCfg = Release|x64
		{9275C97F-D6B5-441B-9BB2-1156275525EB}.Ad-Hoc|x64.Build.0 = Release|x64
		{9275C97F-D6B5-441B-9BB2-1156275525EB}.Ad-Hoc|x64.Deploy.0 = Release|x64
		{9275C97F-D6B5-441B-9BB2-1156275525EB}.Ad-Hoc|x86.ActiveCfg = Release|x86
		{9275C97F-D6B5-441B-9BB2-1156275525EB}.Ad-Hoc|x86.Build.0 = Release|x86
		{9275C97F-D6B5-441B-9BB2-1156275525EB}.Ad-Hoc|x86.Deploy.0 = Release|x86
		{9275C97F-D6B5-441B-9BB2-1156275525EB}.AppStore|Any CPU.ActiveCfg = Release|x86
		{9275C97F-D6B5-441B-9BB2-1156275525EB}.AppStore|Any CPU.Build.0 = Release|x86
		{9275C97F-D6B5-441B-9BB2-1156275525EB}.AppStore|Any CPU.Deploy.0 = Release|x86
		{9275C97F-D6B5-441B-9BB2-1156275525EB}.AppStore|ARM.ActiveCfg = Release|ARM
		{9275C97F-D6B5-441B-9BB2-1156275525EB}.AppStore|ARM.Build.0 = Release|ARM
		{9275C97F-D6B5-441B-9BB2-1156275525EB}.AppStore|ARM.Deploy.0 = Release|ARM
		{9275C97F-D6B5-441B-9BB2-1156275525EB}.AppStore|iPhone.ActiveCfg = Release|x86
		{9275C97F-D6B5-441B-9BB2-1156275525EB}.AppStore|iPhone.Build.0 = Release|x86
		{9275C97F-D6B5-441B-9BB2-1156275525EB}.AppStore|iPhone.Deploy.0 = Release|x86
		{9275C97F-D6B5-441B-9BB2-1156275525EB}.AppStore|iPhoneSimulator.ActiveCfg = Release|x86
		{9275C97F-D6B5-441B-9BB2-1156275525EB}.AppStore|iPhoneSimulator.Build.0 = Release|x86
		{9275C97F-D6B5-441B-9BB2-1156275525EB}.AppStore|iPhoneSimulator.Deploy.0 = Release|x86
		{9275C97F-D6B5-441B-9BB2-1156275525EB}.AppStore|x64.ActiveCfg = Release|x64
		{9275C97F-D6B5-441B-9BB2-1156275525EB}.AppStore|x64.Build.0 = Release|x64
		{9275C97F-D6B5-441B-9BB2-1156275525EB}.AppStore|x64.Deploy.0 = Release|x64
		{9275C97F-D6B5-441B-9BB2-1156275525EB}.AppStore|x86.ActiveCfg = Release|x86
		{9275C97F-D6B5-441B-9BB2-1156275525EB}.AppStore|x86.Build.0 = Release|x86
		{9275C97F-D6B5-441B-9BB2-1156275525EB}.AppStore|x86.Deploy.0 = Release|x86
		{9275C97F-D6B5-441B-9BB2-1156275525EB}.Debug|Any CPU.ActiveCfg = Debug|x86
		{9275C97F-D6B5-441B-9BB2-1156275525EB}.Debug|ARM.ActiveCfg = Debug|ARM
		{9275C97F-D6B5-441B-9BB2-1156275525EB}.Debug|ARM.Build.0 = Debug|ARM
		{9275C97F-D6B5-441B-9BB2-1156275525EB}.Debug|ARM.Deploy.0 = Debug|ARM
		{9275C97F-D6B5-441B-9BB2-1156275525EB}.Debug|iPhone.ActiveCfg = Debug|x86
		{9275C97F-D6B5-441B-9BB2-1156275525EB}.Debug|iPhoneSimulator.ActiveCfg = Debug|x86
		{9275C97F-D6B5-441B-9BB2-1156275525EB}.Debug|x64.ActiveCfg = Debug|x64
		{9275C97F-D6B5-441B-9BB2-1156275525EB}.Debug|x64.Build.0 = Debug|x64
		{9275C97F-D6B5-441B-9BB2-1156275525EB}.Debug|x64.Deploy.0 = Debug|x64
		{9275C97F-D6B5-441B-9BB2-1156275525EB}.Debug|x86.ActiveCfg = Debug|x86
		{9275C97F-D6B5-441B-9BB2-1156275525EB}.Debug|x86.Build.0 = Debug|x86
		{9275C97F-D6B5-441B-9BB2-1156275525EB}.Debug|x86.Deploy.0 = Debug|x86
		{9275C97F-D6B5-441B-9BB2-1156275525EB}.Release|Any CPU.ActiveCfg = Release|x86
		{9275C97F-D6B5-441B-9BB2-1156275525EB}.Release|ARM.ActiveCfg = Release|ARM
		{9275C97F-D6B5-441B-9BB2-1156275525EB}.Release|ARM.Build.0 = Release|ARM
		{9275C97F-D6B5-441B-9BB2-1156275525EB}.Release|ARM.Deploy.0 = Release|ARM
		{9275C97F-D6B5-441B-9BB2-1156275525EB}.Release|iPhone.ActiveCfg = Release|x86
		{9275C97F-D6B5-441B-9BB2-1156275525EB}.Release|iPhoneSimulator.ActiveCfg = Release|x86
		{9275C97F-D6B5-441B-9BB2-1156275525EB}.Release|x64.ActiveCfg = Release|x64
		{9275C97F-D6B5-441B-9BB2-1156275525EB}.Release|x64.Build.0 = Release|x64
		{9275C97F-D6B5-441B-9BB2-1156275525EB}.Release|x64.Deploy.0 = Release|x64
		{9275C97F-D6B5-441B-9BB2-1156275525EB}.Release|x86.ActiveCfg = Release|x86
		{9275C97F-D6B5-441B-9BB2-1156275525EB}.Release|x86.Build.0 = Release|x86
		{9275C97F-D6B5-441B-9BB2-1156275525EB}.Release|x86.Deploy.0 = Release|x86
		{75106A0A-CD1F-46A0-9BA3-7642A3E4A683}.Ad-Hoc|Any CPU.ActiveCfg = Ad-Hoc|iPhone
		{75106A0A-CD1F-46A0-9BA3-7642A3E4A683}.Ad-Hoc|ARM.ActiveCfg = Ad-Hoc|iPhone
		{75106A0A-CD1F-46A0-9BA3-7642A3E4A683}.Ad-Hoc|iPhone.ActiveCfg = Ad-Hoc|iPhone
		{75106A0A-CD1F-46A0-9BA3-7642A3E4A683}.Ad-Hoc|iPhone.Build.0 = Ad-Hoc|iPhone
		{75106A0A-CD1F-46A0-9BA3-7642A3E4A683}.Ad-Hoc|iPhoneSimulator.ActiveCfg = Ad-Hoc|iPhoneSimulator
		{75106A0A-CD1F-46A0-9BA3-7642A3E4A683}.Ad-Hoc|iPhoneSimulator.Build.0 = Ad-Hoc|iPhoneSimulator
		{75106A0A-CD1F-46A0-9BA3-7642A3E4A683}.Ad-Hoc|x64.ActiveCfg = Ad-Hoc|iPhone
		{75106A0A-CD1F-46A0-9BA3-7642A3E4A683}.Ad-Hoc|x86.ActiveCfg = Ad-Hoc|iPhone
		{75106A0A-CD1F-46A0-9BA3-7642A3E4A683}.AppStore|Any CPU.ActiveCfg = AppStore|iPhone
		{75106A0A-CD1F-46A0-9BA3-7642A3E4A683}.AppStore|ARM.ActiveCfg = AppStore|iPhone
		{75106A0A-CD1F-46A0-9BA3-7642A3E4A683}.AppStore|iPhone.ActiveCfg = AppStore|iPhone
		{75106A0A-CD1F-46A0-9BA3-7642A3E4A683}.AppStore|iPhone.Build.0 = AppStore|iPhone
		{75106A0A-CD1F-46A0-9BA3-7642A3E4A683}.AppStore|iPhoneSimulator.ActiveCfg = AppStore|iPhoneSimulator
		{75106A0A-CD1F-46A0-9BA3-7642A3E4A683}.AppStore|iPhoneSimulator.Build.0 = AppStore|iPhoneSimulator
		{75106A0A-CD1F-46A0-9BA3-7642A3E4A683}.AppStore|x64.ActiveCfg = AppStore|iPhone
		{75106A0A-CD1F-46A0-9BA3-7642A3E4A683}.AppStore|x86.ActiveCfg = AppStore|iPhone
		{75106A0A-CD1F-46A0-9BA3-7642A3E4A683}.Debug|Any CPU.ActiveCfg = Debug|iPhone
		{75106A0A-CD1F-46A0-9BA3-7642A3E4A683}.Debug|ARM.ActiveCfg = Debug|iPhone
		{75106A0A-CD1F-46A0-9BA3-7642A3E4A683}.Debug|iPhone.ActiveCfg = Debug|iPhone
		{75106A0A-CD1F-46A0-9BA3-7642A3E4A683}.Debug|iPhone.Build.0 = Debug|iPhone
		{75106A0A-CD1F-46A0-9BA3-7642A3E4A683}.Debug|iPhoneSimulator.ActiveCfg = Debug|iPhoneSimulator
		{75106A0A-CD1F-46A0-9BA3-7642A3E4A683}.Debug|iPhoneSimulator.Build.0 = Debug|iPhoneSimulator
		{75106A0A-CD1F-46A0-9BA3-7642A3E4A683}.Debug|x64.ActiveCfg = Debug|iPhone
		{75106A0A-CD1F-46A0-9BA3-7642A3E4A683}.Debug|x86.ActiveCfg = Debug|iPhone
		{75106A0A-CD1F-46A0-9BA3-7642A3E4A683}.Release|Any CPU.ActiveCfg = Release|iPhone
		{75106A0A-CD1F-46A0-9BA3-7642A3E4A683}.Release|ARM.ActiveCfg = Release|iPhone
		{75106A0A-CD1F-46A0-9BA3-7642A3E4A683}.Release|iPhone.ActiveCfg = Release|iPhone
		{75106A0A-CD1F-46A0-9BA3-7642A3E4A683}.Release|iPhone.Build.0 = Release|iPhone
		{75106A0A-CD1F-46A0-9BA3-7642A3E4A683}.Release|iPhoneSimulator.ActiveCfg = Release|iPhoneSimulator
		{75106A0A-CD1F-46A0-9BA3-7642A3E4A683}.Release|iPhoneSimulator.Build.0 = Release|iPhoneSimulator
		{75106A0A-CD1F-46A0-9BA3-7642A3E4A683}.Release|x64.ActiveCfg = Release|iPhone
		{75106A0A-CD1F-46A0-9BA3-7642A3E4A683}.Release|x86.ActiveCfg = Release|iPhone
	EndGlobalSection
	GlobalSection(SolutionProperties) = preSolution
		HideSolutionNode = FALSE
	EndGlobalSection
	GlobalSection(ExtensibilityGlobals) = postSolution
		SolutionGuid = {94507784-3364-4E62-AD0E-3FED329FFA99}
	EndGlobalSection
EndGlobal
